
Microsoft Visual Studio Solution File, Format Version 12.00
# Visual Studio 15
VisualStudioVersion = 15.0.27428.2027
MinimumVisualStudioVersion = 10.0.40219.1
Project("{FAE04EC0-301F-11D3-BF4B-00C04F79EFBC}") = "Labb3-MVC", "Labb3-MVC\Labb3-MVC.csproj", "{C3F90A11-5D5C-40BD-BB5D-4F32C6B9FFD0}"
EndProject
Global
	GlobalSection(SolutionConfigurationPlatforms) = preSolution
		Debug|Any CPU = Debug|Any CPU
		Release|Any CPU = Release|Any CPU
	EndGlobalSection
	GlobalSection(ProjectConfigurationPlatforms) = postSolution
		{C3F90A11-5D5C-40BD-BB5D-4F32C6B9FFD0}.Debug|Any CPU.ActiveCfg = Debug|Any CPU
		{C3F90A11-5D5C-40BD-BB5D-4F32C6B9FFD0}.Debug|Any CPU.Build.0 = Debug|Any CPU
		{C3F90A11-5D5C-40BD-BB5D-4F32C6B9FFD0}.Release|Any CPU.ActiveCfg = Release|Any CPU
		{C3F90A11-5D5C-40BD-BB5D-4F32C6B9FFD0}.Release|Any CPU.Build.0 = Release|Any CPU
	EndGlobalSection
	GlobalSection(SolutionProperties) = preSolution
		HideSolutionNode = FALSE
	EndGlobalSection
	GlobalSection(ExtensibilityGlobals) = postSolution
		SolutionGuid = {ADB06B6B-0905-442E-A334-1F839074A26C}
	EndGlobalSection
EndGlobal
